
Microsoft Visual Studio Solution File, Format Version 12.00
# Visual Studio Version 17
VisualStudioVersion = 17.0.31903.59
MinimumVisualStudioVersion = 10.0.40219.1
Project("{FAE04EC0-301F-11D3-BF4B-00C04F79EFBC}") = "Net.Vatprc.Uniapi", "src\Net.Vatprc.Uniapi.csproj", "{577748DD-0342-426A-BC81-C8DA84FB85DA}"
EndProject
Project("{FAE04EC0-301F-11D3-BF4B-00C04F79EFBC}") = "Net.Vatprc.Uniapi.Test", "test\Net.Vatprc.Uniapi.Test.csproj", "{2999C5F2-BF3F-418E-9359-8B31643F04E3}"
EndProject
Global
	GlobalSection(SolutionConfigurationPlatforms) = preSolution
		Debug|Any CPU = Debug|Any CPU
		Release|Any CPU = Release|Any CPU
	EndGlobalSection
	GlobalSection(SolutionProperties) = preSolution
		HideSolutionNode = FALSE
	EndGlobalSection
	GlobalSection(ProjectConfigurationPlatforms) = postSolution
		{577748DD-0342-426A-BC81-C8DA84FB85DA}.Debug|Any CPU.ActiveCfg = Debug|Any CPU
		{577748DD-0342-426A-BC81-C8DA84FB85DA}.Debug|Any CPU.Build.0 = Debug|Any CPU
		{577748DD-0342-426A-BC81-C8DA84FB85DA}.Release|Any CPU.ActiveCfg = Release|Any CPU
		{577748DD-0342-426A-BC81-C8DA84FB85DA}.Release|Any CPU.Build.0 = Release|Any CPU
		{2999C5F2-BF3F-418E-9359-8B31643F04E3}.Debug|Any CPU.ActiveCfg = Debug|Any CPU
		{2999C5F2-BF3F-418E-9359-8B31643F04E3}.Debug|Any CPU.Build.0 = Debug|Any CPU
		{2999C5F2-BF3F-418E-9359-8B31643F04E3}.Release|Any CPU.ActiveCfg = Release|Any CPU
		{2999C5F2-BF3F-418E-9359-8B31643F04E3}.Release|Any CPU.Build.0 = Release|Any CPU
	EndGlobalSection
EndGlobal
