{
  "version": 1,
  "dependencies": {
    "net9.0": {
      "coverlet.collector": {
        "type": "Direct",
        "requested": "[6.0.2, )",
        "resolved": "6.0.2",
        "contentHash": "bJShQ6uWRTQ100ZeyiMqcFlhP7WJ+bCuabUs885dJiBEzMsJMSFr7BOyeCw4rgvQokteGi5rKQTlkhfQPUXg2A=="
      },
      "coverlet.msbuild": {
        "type": "Direct",
        "requested": "[6.0.2, )",
        "resolved": "6.0.2",
        "contentHash": "8b4jBNH7mcQy1otyQErjjIUuGD74XxKZ1wvDufbY7jhWwckl7wIa+icjwdPYeI0aYMS4Tp63LIZvyMFjWwOMDw=="
      },
      "FluentAssertions": {
        "type": "Direct",
        "requested": "[7.0.0, )",
        "resolved": "7.0.0",
        "contentHash": "mTLbcU991EQ1SEmNbVBaGGGJy0YFzvGd1sYJGNZ07nlPKuyHSn1I22aeKzqQXgEiaKyRO6MSCto9eN9VxMwBdA==",
        "dependencies": {
          "System.Configuration.ConfigurationManager": "6.0.0"
        }
      },
      "Microsoft.NET.Test.Sdk": {
        "type": "Direct",
        "requested": "[17.12.0, )",
        "resolved": "17.12.0",
        "contentHash": "kt/PKBZ91rFCWxVIJZSgVLk+YR+4KxTuHf799ho8WNiK5ZQpJNAEZCAWX86vcKrs+DiYjiibpYKdGZP6+/N17w==",
        "dependencies": {
          "Microsoft.CodeCoverage": "17.12.0",
          "Microsoft.TestPlatform.TestHost": "17.12.0"
        }
      },
      "Moq": {
        "type": "Direct",
        "requested": "[4.20.72, )",
        "resolved": "4.20.72",
        "contentHash": "EA55cjyNn8eTNWrgrdZJH5QLFp2L43oxl1tlkoYUKIE9pRwL784OWiTXeCV5ApS+AMYEAlt7Fo03A2XfouvHmQ==",
        "dependencies": {
          "Castle.Core": "5.1.1"
        }
      },
      "NUnit": {
        "type": "Direct",
        "requested": "[4.2.2, )",
        "resolved": "4.2.2",
        "contentHash": "mon0OPko28yZ/foVXrhiUvq1LReaGsBdziumyyYGxV/pOE4q92fuYeN+AF+gEU5pCjzykcdBt5l7xobTaiBjsg=="
      },
      "NUnit.Analyzers": {
        "type": "Direct",
        "requested": "[4.4.0, )",
        "resolved": "4.4.0",
        "contentHash": "VVl1CuQttXRZh52HRw5SIOut3qXw4pmuiTYk02jTELVWZ9uYRY8IVl2qF9Zs7W0ElPiLDUrAglFBzNLBCPzEcw=="
      },
      "NUnit3TestAdapter": {
        "type": "Direct",
        "requested": "[4.6.0, )",
        "resolved": "4.6.0",
        "contentHash": "R7e1+a4vuV/YS+ItfL7f//rG+JBvVeVLX4mHzFEZo4W1qEKl8Zz27AqvQSAqo+BtIzUCo4aAJMYa56VXS4hudw=="
      },
      "System.Linq.Async": {
        "type": "Direct",
        "requested": "[6.0.1, )",
        "resolved": "6.0.1",
        "contentHash": "0YhHcaroWpQ9UCot3Pizah7ryAzQhNvobLMSxeDIGmnXfkQn8u5owvpOH0K6EVB+z9L7u6Cc4W17Br/+jyttEQ==",
        "dependencies": {
          "Microsoft.Bcl.AsyncInterfaces": "6.0.0"
        }
      },
      "arinc424": {
        "type": "Transitive",
        "resolved": "0.1.8",
        "contentHash": "8k4W8TI+ykzTAAc1skuilZ/8YHrFlrfkA3f4Asagcm8Ms+zN+Y4dyvSDOZn7hhtrmCWhIDQ4YGZU5Pkj1Kif0A=="
      },
      "AWSSDK.Core": {
        "type": "Transitive",
        "resolved": "4.0.0.15",
        "contentHash": "nt0pgf20/wt8NEH/Kw97CS9mlIivg3lROW1E2piFJZPmwZIDVKVEGSvCztGWedMByQYMVpxGbVmn7oC0p1vmkw=="
      },
      "AWSSDK.S3": {
        "type": "Transitive",
        "resolved": "4.0.4.2",
        "contentHash": "uEP2sGa5yiF7yukC9pHJBpP9ArgHaHJxqyls5PRODUXHCXQk3cIGx7Creyu7c5t1GBGQ+Us8tFSraA1CcLsxBQ==",
        "dependencies": {
          "AWSSDK.Core": "[4.0.0.15, 5.0.0)"
        }
      },
      "Castle.Core": {
        "type": "Transitive",
        "resolved": "5.1.1",
        "contentHash": "rpYtIczkzGpf+EkZgDr9CClTdemhsrwA/W5hMoPjLkRFnXzH44zDLoovXeKtmxb1ykXK9aJVODSpiJml8CTw2g==",
        "dependencies": {
          "System.Diagnostics.EventLog": "6.0.0"
        }
      },
      "csFastFloat": {
        "type": "Transitive",
        "resolved": "4.1.5",
        "contentHash": "TugPHQzrbr2iruO8lshMekUXoFIyBOZQLqNCwQF6BHv4FE6mBeMa41pj5cXW6FKlk9uHypIAAy4UmTFivWFjPA=="
      },
      "Dapper": {
        "type": "Transitive",
        "resolved": "2.1.66",
        "contentHash": "/q77jUgDOS+bzkmk3Vy9SiWMaetTw+NOoPAV0xPBsGVAyljd5S6P+4RUW7R3ZUGGr9lDRyPKgAMj2UAOwvqZYw=="
      },
      "Discord.Net": {
        "type": "Transitive",
        "resolved": "3.16.0",
        "contentHash": "6pbwXpFJFhmIpWSzgRh2M5KxC+dwxWfQxexLZyMi4qVMWEYRIb4XpPW10PYBdXe2Q6K1ld3cjakg+zMNZIMgzQ==",
        "dependencies": {
          "Discord.Net.Commands": "3.16.0",
          "Discord.Net.Core": "3.16.0",
          "Discord.Net.Interactions": "3.16.0",
          "Discord.Net.Rest": "3.16.0",
          "Discord.Net.WebSocket": "3.16.0",
          "Discord.Net.Webhook": "3.16.0"
        }
      },
      "Discord.Net.Commands": {
        "type": "Transitive",
        "resolved": "3.16.0",
        "contentHash": "k8IuroKTP1KYgTtfU6lELCtvk4OwOO+RLJNxraTETQKqOTB8ymijjNjS1Wp/3LVZRSlwDF68Mwy+jT9R4A2f4Q==",
        "dependencies": {
          "Discord.Net.Core": "3.16.0"
        }
      },
      "Discord.Net.Core": {
        "type": "Transitive",
        "resolved": "3.16.0",
        "contentHash": "u8Rwn8Q1q727GYuPAomt+nKtljhlqRmrcW6F31W1lFPjx/wejJitUbfmNFsqbhHdlQFYUPTg6+ZQ/6S5MyQjEw==",
        "dependencies": {
          "Newtonsoft.Json": "13.0.3",
          "System.Collections.Immutable": "6.0.0",
          "System.Interactive.Async": "6.0.1",
          "System.ValueTuple": "4.5.0"
        }
      },
      "Discord.Net.Interactions": {
        "type": "Transitive",
        "resolved": "3.16.0",
        "contentHash": "iaOnfRnljxQS56PfF+cYIyMPH0IpG7jqJkO9oAdhH3mtP86iw+kMJYF/KhE2JR3gg3K2YhHHEZjwenarksc67A==",
        "dependencies": {
          "Discord.Net.Core": "3.16.0",
          "Discord.Net.Rest": "3.16.0",
          "Microsoft.Extensions.DependencyInjection.Abstractions": "6.0.0",
          "System.Collections.Immutable": "6.0.0",
          "System.Reactive": "6.0.0"
        }
      },
      "Discord.Net.Rest": {
        "type": "Transitive",
        "resolved": "3.16.0",
        "contentHash": "fikAtAH7OsPNZKuzrTuKSVROEQTmrq7oKlgj9oeakVPKZ1FpuY0vBDEkVX9tCxL2EWVB6ehAvZfkVVrvc1O+BA==",
        "dependencies": {
          "Discord.Net.Core": "3.16.0"
        }
      },
      "Discord.Net.Webhook": {
        "type": "Transitive",
        "resolved": "3.16.0",
        "contentHash": "0mRM3dtfsmHhHFH9vkKbni5hP+bm+Yh53Sv9HE601vceFrsaUjOsB8p/he4jtOQgSCXz+x+HdLRn48cNNUgZ6Q==",
        "dependencies": {
          "Discord.Net.Core": "3.16.0",
          "Discord.Net.Rest": "3.16.0"
        }
      },
      "Discord.Net.WebSocket": {
        "type": "Transitive",
        "resolved": "3.16.0",
        "contentHash": "GaHG2AaSM+CweItNlgHSvCdZmFTh/Qq8NwQvBn+Ecx2MbMsJmBoFen1+FELJc4+/EtfPGC4gHRG/xIdQDSpa5A==",
        "dependencies": {
          "Discord.Net.Core": "3.16.0",
          "Discord.Net.Rest": "3.16.0"
        }
      },
      "EFCore.NamingConventions": {
        "type": "Transitive",
        "resolved": "9.0.0",
        "contentHash": "heKIYzPdEWx+Ba4xuG6jfEssW9rEi7I0lX38eoN7wo7qgg9uw7nn8UEmDQfwGEYPzSDpetCVANnDr5tqt2Asjg==",
        "dependencies": {
          "Microsoft.EntityFrameworkCore": "[9.0.0, 10.0.0)",
          "Microsoft.EntityFrameworkCore.Relational": "[9.0.0, 10.0.0)",
          "Microsoft.Extensions.DependencyInjection.Abstractions": "9.0.0"
        }
      },
      "Flurl": {
        "type": "Transitive",
        "resolved": "4.0.0",
        "contentHash": "rpts69yYgvJqg6PPgqShBQEZ4aNzWQqWpWppcT0oDWxDCIsBqiod4pj6LQZdhk+1OozLFagemldMRACdHF3CsA=="
      },
      "Flurl.Http": {
        "type": "Transitive",
        "resolved": "4.0.2",
        "contentHash": "9vCqFFyceA11yplkFD8AbCFFTvG1Lrw3tpsgOpL5sLUc28p6zcvGszNleuT6nDymRvtt5eS+rqUX+bRztg1fhA==",
        "dependencies": {
          "Flurl": "4.0.0"
        }
      },
      "Microsoft.AspNetCore.Authentication.JwtBearer": {
        "type": "Transitive",
        "resolved": "9.0.0",
        "contentHash": "bs+1Pq3vQdS2lTyxNUd9fEhtMsq3eLUpK36k2t56iDMVrk6OrAoFtvrQrTK0Y0OetTcJrUkGU7hBlf+ORzHLqQ==",
        "dependencies": {
          "Microsoft.IdentityModel.Protocols.OpenIdConnect": "8.0.1"
        }
      },
      "Microsoft.AspNetCore.OpenApi": {
        "type": "Transitive",
        "resolved": "9.0.0",
        "contentHash": "FqUK5j1EOPNuFT7IafltZQ3cakqhSwVzH5ZW1MhZDe4pPXs9sJ2M5jom1Omsu+mwF2tNKKlRAzLRHQTZzbd+6Q==",
        "dependencies": {
          "Microsoft.OpenApi": "1.6.17"
        }
      },
      "Microsoft.Bcl.AsyncInterfaces": {
        "type": "Transitive",
        "resolved": "6.0.0",
        "contentHash": "UcSjPsst+DfAdJGVDsu346FX0ci0ah+lw3WRtn18NUwEqRt70HaOQ7lI72vy3+1LxtqI3T5GWwV39rQSrCzAeg=="
      },
      "Microsoft.CodeCoverage": {
        "type": "Transitive",
        "resolved": "17.12.0",
        "contentHash": "4svMznBd5JM21JIG2xZKGNanAHNXplxf/kQDFfLHXQ3OnpJkayRK/TjacFjA+EYmoyuNXHo/sOETEfcYtAzIrA=="
      },
      "Microsoft.Data.Sqlite": {
        "type": "Transitive",
        "resolved": "9.0.7",
        "contentHash": "zPyE8rASXQALTOHI/flV1YzCErlnuDm9Wv7jxYhC1KkheWBMJRJ95Yl8ZqXPa/8R16DJ3IZn8KnOVcqs3bYBmA==",
        "dependencies": {
          "Microsoft.Data.Sqlite.Core": "9.0.7",
          "SQLitePCLRaw.bundle_e_sqlite3": "2.1.10",
          "SQLitePCLRaw.core": "2.1.10"
        }
      },
      "Microsoft.Data.Sqlite.Core": {
        "type": "Transitive",
        "resolved": "9.0.7",
        "contentHash": "yjlU0Wu0tAexFPlo/bbkYFMWyEkVHqr5AONyh91YJ4KH+hys+eAzHQxd14aZwtQOgpJ5s9r3QL9+tVJww8w69Q==",
        "dependencies": {
          "SQLitePCLRaw.core": "2.1.10"
        }
      },
      "Microsoft.EntityFrameworkCore": {
        "type": "Transitive",
        "resolved": "9.0.0",
        "contentHash": "wpG+nfnfDAw87R3ovAsUmjr3MZ4tYXf6bFqEPVAIKE6IfPml3DS//iX0DBnf8kWn5ZHSO5oi1m4d/Jf+1LifJQ==",
        "dependencies": {
          "Microsoft.EntityFrameworkCore.Abstractions": "9.0.0",
          "Microsoft.EntityFrameworkCore.Analyzers": "9.0.0",
          "Microsoft.Extensions.Caching.Memory": "9.0.0",
          "Microsoft.Extensions.Logging": "9.0.0"
        }
      },
      "Microsoft.EntityFrameworkCore.Abstractions": {
        "type": "Transitive",
        "resolved": "9.0.0",
        "contentHash": "fnmifFL8KaA4ZNLCVgfjCWhZUFxkrDInx5hR4qG7Q8IEaSiy/6VOSRFyx55oH7MV4y7wM3J3EE90nSpcVBI44Q=="
      },
      "Microsoft.EntityFrameworkCore.Analyzers": {
        "type": "Transitive",
        "resolved": "9.0.0",
        "contentHash": "Qje+DzXJOKiXF72SL0XxNlDtTkvWWvmwknuZtFahY5hIQpRKO59qnGuERIQ3qlzuq5x4bAJ8WMbgU5DLhBgeOQ=="
      },
      "Microsoft.EntityFrameworkCore.Relational": {
        "type": "Transitive",
        "resolved": "9.0.0",
        "contentHash": "j+msw6fWgAE9M3Q/5B9Uhv7pdAdAQUvFPJAiBJmoy+OXvehVbfbCE8ftMAa51Uo2ZeiqVnHShhnv4Y4UJJmUzA==",
        "dependencies": {
          "Microsoft.EntityFrameworkCore": "9.0.0",
          "Microsoft.Extensions.Caching.Memory": "9.0.0",
          "Microsoft.Extensions.Configuration.Abstractions": "9.0.0",
          "Microsoft.Extensions.Logging": "9.0.0"
        }
      },
      "Microsoft.Extensions.Caching.Abstractions": {
        "type": "Transitive",
        "resolved": "9.0.0",
        "contentHash": "FPWZAa9c0H4dvOj351iR1jkUIs4u9ykL4Bm592yhjDyO5lCoWd+TMAHx2EMbarzUvCvgjWjJIoC6//Q9kH6YhA==",
        "dependencies": {
          "Microsoft.Extensions.Primitives": "9.0.0"
        }
      },
      "Microsoft.Extensions.Caching.Memory": {
        "type": "Transitive",
        "resolved": "9.0.0",
        "contentHash": "zbnPX/JQ0pETRSUG9fNPBvpIq42Aufvs15gGYyNIMhCun9yhmWihz0WgsI7bSDPjxWTKBf8oX/zv6v2uZ3W9OQ==",
        "dependencies": {
          "Microsoft.Extensions.Caching.Abstractions": "9.0.0",
          "Microsoft.Extensions.DependencyInjection.Abstractions": "9.0.0",
          "Microsoft.Extensions.Logging.Abstractions": "9.0.0",
          "Microsoft.Extensions.Options": "9.0.0",
          "Microsoft.Extensions.Primitives": "9.0.0"
        }
      },
      "Microsoft.Extensions.Configuration": {
        "type": "Transitive",
        "resolved": "9.0.0",
        "contentHash": "YIMO9T3JL8MeEXgVozKt2v79hquo/EFtnY0vgxmLnUvk1Rei/halI7kOWZL2RBeV9FMGzgM9LZA8CVaNwFMaNA==",
        "dependencies": {
          "Microsoft.Extensions.Configuration.Abstractions": "9.0.0",
          "Microsoft.Extensions.Primitives": "9.0.0"
        }
      },
      "Microsoft.Extensions.Configuration.Abstractions": {
        "type": "Transitive",
        "resolved": "9.0.0",
        "contentHash": "lqvd7W3FGKUO1+ZoUEMaZ5XDJeWvjpy2/M/ptCGz3tXLD4HWVaSzjufsAsjemasBEg+2SxXVtYVvGt5r2nKDlg==",
        "dependencies": {
          "Microsoft.Extensions.Primitives": "9.0.0"
        }
      },
      "Microsoft.Extensions.Configuration.Binder": {
        "type": "Transitive",
        "resolved": "9.0.0",
        "contentHash": "RiScL99DcyngY9zJA2ROrri7Br8tn5N4hP4YNvGdTN/bvg1A3dwvDOxHnNZ3Im7x2SJ5i4LkX1uPiR/MfSFBLQ==",
        "dependencies": {
          "Microsoft.Extensions.Configuration.Abstractions": "9.0.0"
        }
      },
      "Microsoft.Extensions.DependencyInjection": {
        "type": "Transitive",
        "resolved": "9.0.0",
        "contentHash": "MCPrg7v3QgNMr0vX4vzRXvkNGgLg8vKWX0nKCWUxu2uPyMsaRgiRc1tHBnbTcfJMhMKj2slE/j2M9oGkd25DNw==",
        "dependencies": {
          "Microsoft.Extensions.DependencyInjection.Abstractions": "9.0.0"
        }
      },
      "Microsoft.Extensions.DependencyInjection.Abstractions": {
        "type": "Transitive",
        "resolved": "9.0.0",
        "contentHash": "+6f2qv2a3dLwd5w6JanPIPs47CxRbnk+ZocMJUhv9NxP88VlOcJYZs9jY+MYSjxvady08bUZn6qgiNh7DadGgg=="
      },
      "Microsoft.Extensions.Diagnostics.Abstractions": {
        "type": "Transitive",
        "resolved": "9.0.0",
        "contentHash": "1K8P7XzuzX8W8pmXcZjcrqS6x5eSSdvhQohmcpgiQNY/HlDAlnrhR9dvlURfFz428A+RTCJpUyB+aKTA6AgVcQ==",
        "dependencies": {
          "Microsoft.Extensions.DependencyInjection.Abstractions": "9.0.0",
          "Microsoft.Extensions.Options": "9.0.0"
        }
      },
      "Microsoft.Extensions.FileProviders.Abstractions": {
        "type": "Transitive",
        "resolved": "9.0.0",
        "contentHash": "uK439QzYR0q2emLVtYzwyK3x+T5bTY4yWsd/k/ZUS9LR6Sflp8MIdhGXW8kQCd86dQD4tLqvcbLkku8qHY263Q==",
        "dependencies": {
          "Microsoft.Extensions.Primitives": "9.0.0"
        }
      },
      "Microsoft.Extensions.Hosting.Abstractions": {
        "type": "Transitive",
        "resolved": "9.0.0",
        "contentHash": "yUKJgu81ExjvqbNWqZKshBbLntZMbMVz/P7Way2SBx7bMqA08Mfdc9O7hWDKAiSp+zPUGT6LKcSCQIPeDK+CCw==",
        "dependencies": {
          "Microsoft.Extensions.Configuration.Abstractions": "9.0.0",
          "Microsoft.Extensions.DependencyInjection.Abstractions": "9.0.0",
          "Microsoft.Extensions.Diagnostics.Abstractions": "9.0.0",
          "Microsoft.Extensions.FileProviders.Abstractions": "9.0.0",
          "Microsoft.Extensions.Logging.Abstractions": "9.0.0"
        }
      },
      "Microsoft.Extensions.Logging": {
        "type": "Transitive",
        "resolved": "9.0.0",
        "contentHash": "crjWyORoug0kK7RSNJBTeSE6VX8IQgLf3nUpTB9m62bPXp/tzbnOsnbe8TXEG0AASNaKZddnpHKw7fET8E++Pg==",
        "dependencies": {
          "Microsoft.Extensions.DependencyInjection": "9.0.0",
          "Microsoft.Extensions.Logging.Abstractions": "9.0.0",
          "Microsoft.Extensions.Options": "9.0.0"
        }
      },
      "Microsoft.Extensions.Logging.Abstractions": {
        "type": "Transitive",
        "resolved": "9.0.0",
        "contentHash": "g0UfujELzlLbHoVG8kPKVBaW470Ewi+jnptGS9KUi6jcb+k2StujtK3m26DFSGGwQ/+bVgZfsWqNzlP6YOejvw==",
        "dependencies": {
          "Microsoft.Extensions.DependencyInjection.Abstractions": "9.0.0"
        }
      },
      "Microsoft.Extensions.Logging.Configuration": {
        "type": "Transitive",
        "resolved": "9.0.0",
        "contentHash": "H05HiqaNmg6GjH34ocYE9Wm1twm3Oz2aXZko8GTwGBzM7op2brpAA8pJ5yyD1OpS1mXUtModBYOlcZ/wXeWsSg==",
        "dependencies": {
          "Microsoft.Extensions.Configuration": "9.0.0",
          "Microsoft.Extensions.Configuration.Abstractions": "9.0.0",
          "Microsoft.Extensions.Configuration.Binder": "9.0.0",
          "Microsoft.Extensions.DependencyInjection.Abstractions": "9.0.0",
          "Microsoft.Extensions.Logging": "9.0.0",
          "Microsoft.Extensions.Logging.Abstractions": "9.0.0",
          "Microsoft.Extensions.Options": "9.0.0",
          "Microsoft.Extensions.Options.ConfigurationExtensions": "9.0.0"
        }
      },
      "Microsoft.Extensions.Options": {
        "type": "Transitive",
        "resolved": "9.0.0",
        "contentHash": "y2146b3jrPI3Q0lokKXdKLpmXqakYbDIPDV6r3M8SqvSf45WwOTzkyfDpxnZXJsJQEpAsAqjUq5Pu8RCJMjubg==",
        "dependencies": {
          "Microsoft.Extensions.DependencyInjection.Abstractions": "9.0.0",
          "Microsoft.Extensions.Primitives": "9.0.0"
        }
      },
      "Microsoft.Extensions.Options.ConfigurationExtensions": {
        "type": "Transitive",
        "resolved": "9.0.0",
        "contentHash": "Ob3FXsXkcSMQmGZi7qP07EQ39kZpSBlTcAZLbJLdI4FIf0Jug8biv2HTavWmnTirchctPlq9bl/26CXtQRguzA==",
        "dependencies": {
          "Microsoft.Extensions.Configuration.Abstractions": "9.0.0",
          "Microsoft.Extensions.Configuration.Binder": "9.0.0",
          "Microsoft.Extensions.DependencyInjection.Abstractions": "9.0.0",
          "Microsoft.Extensions.Options": "9.0.0",
          "Microsoft.Extensions.Primitives": "9.0.0"
        }
      },
      "Microsoft.Extensions.Primitives": {
        "type": "Transitive",
        "resolved": "9.0.0",
        "contentHash": "N3qEBzmLMYiASUlKxxFIISP4AiwuPTHF5uCh+2CWSwwzAJiIYx0kBJsS30cp1nvhSySFAVi30jecD307jV+8Kg=="
      },
      "Microsoft.IdentityModel.Abstractions": {
        "type": "Transitive",
        "resolved": "8.3.0",
        "contentHash": "jNin7yvWZu+K3U24q+6kD+LmGSRfbkHl9Px8hN1XrGwq6ZHgKGi/zuTm5m08G27fwqKfVXIWuIcUeq4Y1VQUOg=="
      },
      "Microsoft.IdentityModel.JsonWebTokens": {
        "type": "Transitive",
        "resolved": "8.3.0",
        "contentHash": "4SVXLT8sDG7CrHiszEBrsDYi+aDW0W9d+fuWUGdZPBdan56aM6fGXJDjbI0TVGEDjJhXbACQd8F/BnC7a+m2RQ==",
        "dependencies": {
          "Microsoft.IdentityModel.Tokens": "8.3.0"
        }
      },
      "Microsoft.IdentityModel.Logging": {
        "type": "Transitive",
        "resolved": "8.3.0",
        "contentHash": "4w4pSIGHhCCLTHqtVNR2Cc/zbDIUWIBHTZCu/9ZHm2SVwrXY3RJMcZ7EFGiKqmKZMQZJzA0bpwCZ6R8Yb7i5VQ==",
        "dependencies": {
          "Microsoft.IdentityModel.Abstractions": "8.3.0"
        }
      },
      "Microsoft.IdentityModel.Protocols": {
        "type": "Transitive",
        "resolved": "8.0.1",
        "contentHash": "uA2vpKqU3I2mBBEaeJAWPTjT9v1TZrGWKdgK6G5qJd03CLx83kdiqO9cmiK8/n1erkHzFBwU/RphP83aAe3i3g==",
        "dependencies": {
          "Microsoft.IdentityModel.Tokens": "8.0.1"
        }
      },
      "Microsoft.IdentityModel.Protocols.OpenIdConnect": {
        "type": "Transitive",
        "resolved": "8.0.1",
        "contentHash": "AQDbfpL+yzuuGhO/mQhKNsp44pm5Jv8/BI4KiFXR7beVGZoSH35zMV3PrmcfvSTsyI6qrcR898NzUauD6SRigg==",
        "dependencies": {
          "Microsoft.IdentityModel.Protocols": "8.0.1",
          "System.IdentityModel.Tokens.Jwt": "8.0.1"
        }
      },
      "Microsoft.IdentityModel.Tokens": {
        "type": "Transitive",
        "resolved": "8.3.0",
        "contentHash": "yGzqmk+kInH50zeSEH/L1/J0G4/yqTQNq4YmdzOhpE7s/86tz37NS2YbbY2ievbyGjmeBI1mq26QH+yBR6AK3Q==",
        "dependencies": {
          "Microsoft.IdentityModel.Logging": "8.3.0"
        }
      },
      "Microsoft.IO.RecyclableMemoryStream": {
        "type": "Transitive",
        "resolved": "3.0.0",
        "contentHash": "irv0HuqoH8Ig5i2fO+8dmDNdFdsrO+DoQcedwIlb810qpZHBNQHZLW7C/AHBQDgLLpw2T96vmMAy/aE4Yj55Sg=="
      },
      "Microsoft.OpenApi": {
        "type": "Transitive",
        "resolved": "1.6.17",
        "contentHash": "Le+kehlmrlQfuDFUt1zZ2dVwrhFQtKREdKBo+rexOwaCoYP0/qpgT9tLxCsZjsgR5Itk1UKPcbgO+FyaNid/bA=="
      },
      "Microsoft.TestPlatform.ObjectModel": {
        "type": "Transitive",
        "resolved": "17.12.0",
        "contentHash": "TDqkTKLfQuAaPcEb3pDDWnh7b3SyZF+/W9OZvWFp6eJCIiiYFdSB6taE2I6tWrFw5ywhzOb6sreoGJTI6m3rSQ==",
        "dependencies": {
          "System.Reflection.Metadata": "1.6.0"
        }
      },
      "Microsoft.TestPlatform.TestHost": {
        "type": "Transitive",
        "resolved": "17.12.0",
        "contentHash": "MiPEJQNyADfwZ4pJNpQex+t9/jOClBGMiCiVVFuELCMSX2nmNfvUor3uFVxNNCg30uxDP8JDYfPnMXQzsfzYyg==",
        "dependencies": {
          "Microsoft.TestPlatform.ObjectModel": "17.12.0",
          "Newtonsoft.Json": "13.0.1"
        }
      },
      "Microsoft.Win32.SystemEvents": {
        "type": "Transitive",
        "resolved": "6.0.0",
        "contentHash": "hqTM5628jSsQiv+HGpiq3WKBl2c8v1KZfby2J6Pr7pEPlK9waPdgEO6b8A/+/xn/yZ9ulv8HuqK71ONy2tg67A=="
      },
      "Newtonsoft.Json": {
        "type": "Transitive",
        "resolved": "13.0.3",
        "contentHash": "HrC5BXdl00IP9zeV+0Z848QWPAoCr9P3bDEZguI+gkLcBKAOxix/tLEAAHC+UvDNPv4a2d18lOReHMOagPa+zQ=="
      },
      "Npgsql": {
        "type": "Transitive",
        "resolved": "9.0.1",
        "contentHash": "aZrXuBUUjRnvjoS4Lq0ZPYe3pnzAfK7TroGNGVpo4FCMBW1ypD/XfTTYjXpeRI8xcX5Otiv535Dy2jQWi98oeA==",
        "dependencies": {
          "Microsoft.Extensions.Logging.Abstractions": "8.0.2"
        }
      },
      "Npgsql.EntityFrameworkCore.PostgreSQL": {
        "type": "Transitive",
        "resolved": "9.0.1",
        "contentHash": "nN9Tjg73Edr4oBhNkBsfHBduNUlDFty1gIX0Ztp0np82ElSCiEcwRuN11Kv4kx2H9VDQaEeMwWAIym5aVsgVyg==",
        "dependencies": {
          "Microsoft.EntityFrameworkCore": "[9.0.0, 10.0.0)",
          "Microsoft.EntityFrameworkCore.Relational": "[9.0.0, 10.0.0)",
          "Npgsql": "9.0.1"
        }
      },
      "OpenTelemetry": {
        "type": "Transitive",
        "resolved": "1.13.1",
        "contentHash": "rrM2NlZ0Xla2Ar8zzU09n+HoLFq8b+Kjx7vrmR0tdYfWLYWGNcXHOITXUiyaK8RrFEceMEoF45VBsaf4QPmKcg==",
        "dependencies": {
          "Microsoft.Extensions.Diagnostics.Abstractions": "9.0.0",
          "Microsoft.Extensions.Logging.Configuration": "9.0.0",
          "OpenTelemetry.Api.ProviderBuilderExtensions": "1.13.1"
        }
      },
      "OpenTelemetry.Api": {
        "type": "Transitive",
        "resolved": "1.13.1",
        "contentHash": "tieglRERo7Rgu8oE8aamnuXCMPEW5fXIqO5ngTMCNk9pOEXanc0SdQ86ZAD1goNiGcjWHn+P3WMZp0FZSJgCoQ==",
        "dependencies": {
          "System.Diagnostics.DiagnosticSource": "9.0.0"
        }
      },
      "OpenTelemetry.Api.ProviderBuilderExtensions": {
        "type": "Transitive",
        "resolved": "1.13.1",
        "contentHash": "x8QXMsrIyp+XzDUFQAM+C4upAPNbwaBIPjTWEoonziWAav6weS8OxsMKrE4wz7Zly8ATlsoxk0mWZ+PHO3Wg0w==",
        "dependencies": {
          "Microsoft.Extensions.DependencyInjection.Abstractions": "9.0.0",
          "OpenTelemetry.Api": "1.13.1"
        }
      },
      "OpenTelemetry.Exporter.Console": {
        "type": "Transitive",
        "resolved": "1.13.1",
        "contentHash": "O9RB+5X7ID/gpxwmyefqs3VwyTF5+mNS/qRfYJdHHvdBMAkJ5hYE1CM3wUABpe5H+Rac34JmFl5jVF0clN/gsQ==",
        "dependencies": {
          "OpenTelemetry": "1.13.1"
        }
      },
      "OpenTelemetry.Exporter.OpenTelemetryProtocol": {
        "type": "Transitive",
        "resolved": "1.13.1",
        "contentHash": "WFqOpqMkjd8lM/asQRgfLP72UCqThQIGoylDgoYR8x0Bh9UCrdmBJCDU4pVZgI9CtSq1sWXeQuUsRXAl5U4yKg==",
        "dependencies": {
          "OpenTelemetry": "1.13.1"
        }
      },
      "OpenTelemetry.Extensions.Hosting": {
        "type": "Transitive",
        "resolved": "1.13.1",
        "contentHash": "gULeizu0WH4YxnVltLO/Ml12aGxpk2Qrz3dm3MUgohQ/Y8HsGDzuAhawEP1eas6dMO61PJta1dy6KqNbVIJQyw==",
        "dependencies": {
          "Microsoft.Extensions.Hosting.Abstractions": "9.0.0",
          "OpenTelemetry": "1.13.1"
        }
      },
      "OpenTelemetry.Instrumentation.AspNetCore": {
        "type": "Transitive",
        "resolved": "1.13.0",
        "contentHash": "+R2SOerMNh8/i6OJf4Q+HQUntoI6REF5FlXBiO5LzBj9MHGuuRbAIYYLcpbv/rwqWIa5RsPcZkNLo1M/41cWuQ==",
        "dependencies": {
          "OpenTelemetry.Api.ProviderBuilderExtensions": "[1.13.1, 2.0.0)"
        }
      },
      "OpenTelemetry.Instrumentation.EntityFrameworkCore": {
        "type": "Transitive",
        "resolved": "1.13.0-beta.1",
        "contentHash": "RXC28hwYXDKZRIRtojhHXJmpbS7+6d0Xi27iiNEt/P1KXaW2ZUVPy6NVSqeizmP2ubf2IB8U5UKlUrIwZipZAw==",
        "dependencies": {
          "Microsoft.Extensions.Configuration": "9.0.0",
          "Microsoft.Extensions.Options": "9.0.0",
          "OpenTelemetry.Api.ProviderBuilderExtensions": "[1.13.1, 2.0.0)"
        }
      },
      "OpenTelemetry.Instrumentation.Http": {
        "type": "Transitive",
        "resolved": "1.13.0",
        "contentHash": "B+nmCn3/orrLhUuCC6WwHh9JUkIV/wubpZ+vYOf2CedjOZupgcQcx96Kwy6UVjdNDWGxsEw0jXWXZUQlYnmRqA==",
        "dependencies": {
          "Microsoft.Extensions.Configuration": "8.0.0",
          "Microsoft.Extensions.Options": "8.0.0",
          "OpenTelemetry.Api.ProviderBuilderExtensions": "[1.13.1, 2.0.0)"
        }
      },
      "Scalar.AspNetCore": {
        "type": "Transitive",
        "resolved": "2.9.0",
        "contentHash": "m+8h+QmtmBmA1ZuzWW3p/0oFc82pq0k1Vm0LuIupRqjG3BzudMpbxeeHH8qAR3sxt6rPABeF43OzqDthGEtMpA=="
      },
      "Sep": {
        "type": "Transitive",
        "resolved": "0.6.0",
        "contentHash": "PRPpVVyJtpmpwn8XUrIwvdsOGfZwGkzJzGa8aRfGuiHY+mzPB4roEZXJOYpSBvOnSH4JK/dpEIYzNyZ2aVsQyw==",
        "dependencies": {
          "csFastFloat": "4.1.5"
        }
      },
      "SQLitePCLRaw.bundle_e_sqlite3": {
        "type": "Transitive",
        "resolved": "2.1.10",
        "contentHash": "UxWuisvZ3uVcVOLJQv7urM/JiQH+v3TmaJc1BLKl5Dxfm/nTzTUrqswCqg/INiYLi61AXnHo1M1JPmPqqLnAdg==",
        "dependencies": {
          "SQLitePCLRaw.lib.e_sqlite3": "2.1.10",
          "SQLitePCLRaw.provider.e_sqlite3": "2.1.10"
        }
      },
      "SQLitePCLRaw.core": {
        "type": "Transitive",
        "resolved": "2.1.10",
        "contentHash": "Ii8JCbC7oiVclaE/mbDEK000EFIJ+ShRPwAvvV89GOZhQ+ZLtlnSWl6ksCNMKu/VGXA4Nfi2B7LhN/QFN9oBcw==",
        "dependencies": {
          "System.Memory": "4.5.3"
        }
      },
      "SQLitePCLRaw.lib.e_sqlite3": {
        "type": "Transitive",
        "resolved": "2.1.10",
        "contentHash": "mAr69tDbnf3QJpRy2nJz8Qdpebdil00fvycyByR58Cn9eARvR+UiG2Vzsp+4q1tV3ikwiYIjlXCQFc12GfebbA=="
      },
      "SQLitePCLRaw.provider.e_sqlite3": {
        "type": "Transitive",
        "resolved": "2.1.10",
        "contentHash": "uZVTi02C1SxqzgT0HqTWatIbWGb40iIkfc3FpFCpE/r7g6K0PqzDUeefL6P6HPhDtc6BacN3yQysfzP7ks+wSQ==",
        "dependencies": {
          "SQLitePCLRaw.core": "2.1.10"
        }
      },
      "System.Collections.Immutable": {
        "type": "Transitive",
        "resolved": "6.0.0",
        "contentHash": "l4zZJ1WU2hqpQQHXz1rvC3etVZN+2DLmQMO79FhOTZHMn8tDRr+WU287sbomD0BETlmKDn0ygUgVy9k5xkkJdA==",
        "dependencies": {
          "System.Runtime.CompilerServices.Unsafe": "6.0.0"
        }
      },
      "System.CommandLine": {
        "type": "Transitive",
        "resolved": "2.0.0-beta4.22272.1",
        "contentHash": "1uqED/q2H0kKoLJ4+hI2iPSBSEdTuhfCYADeJrAqERmiGQ2NNacYKRNEQ+gFbU4glgVyK8rxI+ZOe1onEtr/Pg=="
      },
      "System.Configuration.ConfigurationManager": {
        "type": "Transitive",
        "resolved": "6.0.0",
        "contentHash": "7T+m0kDSlIPTHIkPMIu6m6tV6qsMqJpvQWW2jIc2qi7sn40qxFo0q+7mEQAhMPXZHMKnWrnv47ntGlM/ejvw3g==",
        "dependencies": {
          "System.Security.Cryptography.ProtectedData": "6.0.0",
          "System.Security.Permissions": "6.0.0"
        }
      },
      "System.Diagnostics.DiagnosticSource": {
        "type": "Transitive",
        "resolved": "9.0.0",
        "contentHash": "ddppcFpnbohLWdYKr/ZeLZHmmI+DXFgZ3Snq+/E7SwcdW4UnvxmaugkwGywvGVWkHPGCSZjCP+MLzu23AL5SDw=="
      },
      "System.Diagnostics.EventLog": {
        "type": "Transitive",
        "resolved": "6.0.0",
        "contentHash": "lcyUiXTsETK2ALsZrX+nWuHSIQeazhqPphLfaRxzdGaG93+0kELqpgEHtwWOlQe7+jSFnKwaCAgL4kjeZCQJnw=="
      },
      "System.Drawing.Common": {
        "type": "Transitive",
        "resolved": "6.0.0",
        "contentHash": "NfuoKUiP2nUWwKZN6twGqXioIe1zVD0RIj2t976A+czLHr2nY454RwwXs6JU9Htc6mwqL6Dn/nEL3dpVf2jOhg==",
        "dependencies": {
          "Microsoft.Win32.SystemEvents": "6.0.0"
        }
      },
      "System.IdentityModel.Tokens.Jwt": {
        "type": "Transitive",
        "resolved": "8.3.0",
        "contentHash": "9GESpDG0Zb17HD5mBW/uEWi2yz/uKPmCthX2UhyLnk42moGH2FpMgXA2Y4l2Qc7P75eXSUTA6wb/c9D9GSVkzw==",
        "dependencies": {
          "Microsoft.IdentityModel.JsonWebTokens": "8.3.0",
          "Microsoft.IdentityModel.Tokens": "8.3.0"
        }
      },
      "System.Interactive.Async": {
        "type": "Transitive",
        "resolved": "6.0.1",
        "contentHash": "f8H1O4ZWDQo344y5NQU76G4SIjWMuKDVXL9OM1dg6K5YZnLkc8iCdQDybBvMcC6ufk61jzXGVAX6UCDu0qDSjA==",
        "dependencies": {
          "System.Linq.Async": "6.0.1"
        }
      },
      "System.Memory": {
        "type": "Transitive",
        "resolved": "4.5.3",
        "contentHash": "3oDzvc/zzetpTKWMShs1AADwZjQ/36HnsufHRPcOjyRAAMLDlu2iD33MBI2opxnezcVUtXyqDXXjoFMOU9c7SA=="
      },
      "System.Reactive": {
        "type": "Transitive",
        "resolved": "6.0.0",
        "contentHash": "31kfaW4ZupZzPsI5PVe77VhnvFF55qgma7KZr/E0iFTs6fmdhhG8j0mgEx620iLTey1EynOkEfnyTjtNEpJzGw=="
      },
      "System.Reflection.Metadata": {
        "type": "Transitive",
        "resolved": "1.6.0",
        "contentHash": "COC1aiAJjCoA5GBF+QKL2uLqEBew4JsCkQmoHKbN3TlOZKa2fKLz5CpiRQKDz0RsAOEGsVKqOD5bomsXq/4STQ=="
      },
      "System.Runtime.CompilerServices.Unsafe": {
        "type": "Transitive",
        "resolved": "6.0.0",
        "contentHash": "/iUeP3tq1S0XdNNoMz5C9twLSrM/TH+qElHkXWaPvuNOt+99G75NrV0OS2EqHx5wMN7popYjpc8oTjC1y16DLg=="
      },
      "System.Security.AccessControl": {
        "type": "Transitive",
        "resolved": "6.0.0",
        "contentHash": "AUADIc0LIEQe7MzC+I0cl0rAT8RrTAKFHl53yHjEUzNVIaUlhFY11vc2ebiVJzVBuOzun6F7FBA+8KAbGTTedQ=="
      },
      "System.Security.Cryptography.ProtectedData": {
        "type": "Transitive",
        "resolved": "6.0.0",
        "contentHash": "rp1gMNEZpvx9vP0JW0oHLxlf8oSiQgtno77Y4PLUBjSiDYoD77Y8uXHr1Ea5XG4/pIKhqAdxZ8v8OTUtqo9PeQ=="
      },
      "System.Security.Permissions": {
        "type": "Transitive",
        "resolved": "6.0.0",
        "contentHash": "T/uuc7AklkDoxmcJ7LGkyX1CcSviZuLCa4jg3PekfJ7SU0niF0IVTXwUiNVP9DSpzou2PpxJ+eNY2IfDM90ZCg==",
        "dependencies": {
          "System.Security.AccessControl": "6.0.0",
          "System.Windows.Extensions": "6.0.0"
        }
      },
      "System.Threading.Channels": {
        "type": "Transitive",
        "resolved": "8.0.0",
        "contentHash": "CMaFr7v+57RW7uZfZkPExsPB6ljwzhjACWW1gfU35Y56rk72B/Wu+sTqxVmGSk4SFUlPc3cjeKND0zktziyjBA=="
      },
      "System.ValueTuple": {
        "type": "Transitive",
        "resolved": "4.5.0",
        "contentHash": "okurQJO6NRE/apDIP23ajJ0hpiNmJ+f0BwOlB/cSqTLQlw5upkf+5+96+iG2Jw40G1fCVCyPz/FhIABUjMR+RQ=="
      },
      "System.Windows.Extensions": {
        "type": "Transitive",
        "resolved": "6.0.0",
        "contentHash": "IXoJOXIqc39AIe+CIR7koBtRGMiCt/LPM3lI+PELtDIy9XdyeSrwXFdWV9dzJ2Awl0paLWUaknLxFQ5HpHZUog==",
        "dependencies": {
          "System.Drawing.Common": "6.0.0"
        }
      },
      "Tomlyn": {
        "type": "Transitive",
        "resolved": "0.17.0",
        "contentHash": "3BRbxOjZwgdXBGemOvJWuydaG/KsKrnG1Z15Chruvih8Tc8bgtLcmDgo6LPRqiF5LNh6X4Vmos7YuGteBHfePA=="
      },
      "Ulid": {
        "type": "Transitive",
        "resolved": "1.3.4",
        "contentHash": "6IaGquwjjfW+BoHSV844y12Uy2kxbboYNmsibxr2lotcSPAA3LKy1CKcAQ8JOdAdL4xMoDNXA1oxG41w7fbr6Q=="
      },
      "Websocket.Client": {
        "type": "Transitive",
        "resolved": "5.1.2",
        "contentHash": "ZE5VoUCIYbfACGmXxgfD96i4W0wyBk0JEwIViyPpvxdk/pNfzh2SX9BgEj8fTqNaxlFl0bUTWq1UUvR/c18BTQ==",
        "dependencies": {
          "Microsoft.Extensions.Logging.Abstractions": "8.0.0",
          "Microsoft.IO.RecyclableMemoryStream": "3.0.0",
          "System.Reactive": "6.0.0",
          "System.Threading.Channels": "8.0.0"
        }
      },
      "net.vatprc.uniapi": {
        "type": "Project",
        "dependencies": {
          "AWSSDK.S3": "[4.0.4.2, )",
          "Dapper": "[2.1.66, )",
          "Discord.Net": "[3.16.0, )",
          "EFCore.NamingConventions": "[9.0.0, )",
          "Flurl.Http": "[4.0.2, )",
          "Microsoft.AspNetCore.Authentication.JwtBearer": "[9.0.0, )",
          "Microsoft.AspNetCore.OpenApi": "[9.0.0, )",
          "Microsoft.Data.Sqlite": "[9.0.7, )",
          "Npgsql.EntityFrameworkCore.PostgreSQL": "[9.0.1, )",
          "OpenTelemetry": "[1.13.1, )",
          "OpenTelemetry.Exporter.Console": "[1.13.1, )",
          "OpenTelemetry.Exporter.OpenTelemetryProtocol": "[1.13.1, )",
          "OpenTelemetry.Extensions.Hosting": "[1.13.1, )",
          "OpenTelemetry.Instrumentation.AspNetCore": "[1.13.0, )",
          "OpenTelemetry.Instrumentation.EntityFrameworkCore": "[1.13.0-beta.1, )",
          "OpenTelemetry.Instrumentation.Http": "[1.13.0, )",
          "Scalar.AspNetCore": "[2.9.0, )",
          "Sep": "[0.6.0, )",
          "System.CommandLine": "[2.0.0-beta4.22272.1, )",
          "System.IdentityModel.Tokens.Jwt": "[8.3.0, )",
          "System.Linq.Async": "[6.0.1, )",
          "Tomlyn": "[0.17.0, )",
          "Ulid": "[1.3.4, )",
          "Websocket.Client": "[5.1.2, )",
          "arinc424": "[0.1.8, )"
        }
      }
    }
  }
}